
Microsoft Visual Studio Solution File, Format Version 12.00
# Visual Studio Version 16
VisualStudioVersion = 16.0.30413.136
MinimumVisualStudioVersion = 10.0.40219.1
Project("{FAE04EC0-301F-11D3-BF4B-00C04F79EFBC}") = "ConsoleApp1", "ConsoleApp1\ConsoleApp1.csproj", "{AC5E8D7B-FB4D-4889-9A12-B64407CC1078}"
EndProject
Global
	GlobalSection(SolutionConfigurationPlatforms) = preSolution
		Debug|Any CPU = Debug|Any CPU
		Release|Any CPU = Release|Any CPU
	EndGlobalSection
	GlobalSection(ProjectConfigurationPlatforms) = postSolution
		{AC5E8D7B-FB4D-4889-9A12-B64407CC1078}.Debug|Any CPU.ActiveCfg = Debug|Any CPU
		{AC5E8D7B-FB4D-4889-9A12-B64407CC1078}.Debug|Any CPU.Build.0 = Debug|Any CPU
		{AC5E8D7B-FB4D-4889-9A12-B64407CC1078}.Release|Any CPU.ActiveCfg = Release|Any CPU
		{AC5E8D7B-FB4D-4889-9A12-B64407CC1078}.Release|Any CPU.Build.0 = Release|Any CPU
	EndGlobalSection
	GlobalSection(SolutionProperties) = preSolution
		HideSolutionNode = FALSE
	EndGlobalSection
	GlobalSection(ExtensibilityGlobals) = postSolution
		SolutionGuid = {5D834E91-E057-4FD1-AE15-BFA5FB10D1D8}
	EndGlobalSection
EndGlobal
