
Microsoft Visual Studio Solution File, Format Version 12.00
Project("{FAE04EC0-301F-11D3-BF4B-00C04F79EFBC}") = "LR-6", "LR-6\LR-6.csproj", "{961C5784-18F1-4778-8335-3901593483D3}"
EndProject
Global
	GlobalSection(SolutionConfigurationPlatforms) = preSolution
		Debug|Any CPU = Debug|Any CPU
		Release|Any CPU = Release|Any CPU
	EndGlobalSection
	GlobalSection(ProjectConfigurationPlatforms) = postSolution
		{961C5784-18F1-4778-8335-3901593483D3}.Debug|Any CPU.ActiveCfg = Debug|Any CPU
		{961C5784-18F1-4778-8335-3901593483D3}.Debug|Any CPU.Build.0 = Debug|Any CPU
		{961C5784-18F1-4778-8335-3901593483D3}.Release|Any CPU.ActiveCfg = Release|Any CPU
		{961C5784-18F1-4778-8335-3901593483D3}.Release|Any CPU.Build.0 = Release|Any CPU
	EndGlobalSection
EndGlobal
